
Microsoft Visual Studio Solution File, Format Version 12.00
# Visual Studio Version 16
VisualStudioVersion = 16.0.30804.86
MinimumVisualStudioVersion = 10.0.40219.1
Project("{FAE04EC0-301F-11D3-BF4B-00C04F79EFBC}") = "HomeTask1", "HomeTask1\HomeTask1.csproj", "{AB3A0022-7772-4065-AEFD-641D9E5D59B6}"
EndProject
Global
	GlobalSection(SolutionConfigurationPlatforms) = preSolution
		Debug|Any CPU = Debug|Any CPU
		Release|Any CPU = Release|Any CPU
	EndGlobalSection
	GlobalSection(ProjectConfigurationPlatforms) = postSolution
		{AB3A0022-7772-4065-AEFD-641D9E5D59B6}.Debug|Any CPU.ActiveCfg = Debug|Any CPU
		{AB3A0022-7772-4065-AEFD-641D9E5D59B6}.Debug|Any CPU.Build.0 = Debug|Any CPU
		{AB3A0022-7772-4065-AEFD-641D9E5D59B6}.Release|Any CPU.ActiveCfg = Release|Any CPU
		{AB3A0022-7772-4065-AEFD-641D9E5D59B6}.Release|Any CPU.Build.0 = Release|Any CPU
	EndGlobalSection
	GlobalSection(SolutionProperties) = preSolution
		HideSolutionNode = FALSE
	EndGlobalSection
	GlobalSection(ExtensibilityGlobals) = postSolution
		SolutionGuid = {41D4255E-E9A2-4624-851A-4542A2391785}
	EndGlobalSection
EndGlobal
